// !$*UTF8*$!
{
	archiveVersion = 1;
	classes = {
	};
	objectVersion = 77;
	objects = {

/* Begin PBXBuildFile section */
		93A321C72F44871000C62B4C /* Assets.xcassets in Resources */ = {isa = PBXBuildFile; fileRef = 93A321C32F44871000C62B4C /* Assets.xcassets */; };
		93A321C82F44871000C62B4C /* NewsSourceListView.swift in Sources */ = {isa = PBXBuildFile; fileRef = 93A321C42F44871000C62B4C /* NewsSourceListView.swift */; };
		93A321C92F44871000C62B4C /* NewsAppApp.swift in Sources */ = {isa = PBXBuildFile; fileRef = 93A321C52F44871000C62B4C /* NewsAppApp.swift */; };
		93A321CF2F44889500C62B4C /* NewsSource.swift in Sources */ = {isa = PBXBuildFile; fileRef = 93A321CE2F44889500C62B4C /* NewsSource.swift */; };
		93A321D52F448D0E00C62B4C /* WebService.swift in Sources */ = {isa = PBXBuildFile; fileRef = 93A321D42F448D0E00C62B4C /* WebService.swift */; };
		93A321D72F44A3F700C62B4C /* NewsSourceListViewModel.swift in Sources */ = {isa = PBXBuildFile; fileRef = 93A321D62F44A3F700C62B4C /* NewsSourceListViewModel.swift */; };
		93A321D92F44A76000C62B4C /* Constants.swift in Sources */ = {isa = PBXBuildFile; fileRef = 93A321D82F44A76000C62B4C /* Constants.swift */; };
		93A321DB2F44B02900C62B4C /* NewsListView.swift in Sources */ = {isa = PBXBuildFile; fileRef = 93A321DA2F44B02900C62B4C /* NewsListView.swift */; };
		93A321DD2F44B79C00C62B4C /* NewsArticle.swift in Sources */ = {isa = PBXBuildFile; fileRef = 93A321DC2F44B79C00C62B4C /* NewsArticle.swift */; };
		93A321DF2F44B9F200C62B4C /* NewsArticleListViewModel.swift in Sources */ = {isa = PBXBuildFile; fileRef = 93A321DE2F44B9F200C62B4C /* NewsArticleListViewModel.swift */; };
		93C611B12F460C2100F3D07C /* WebService+.swift in Sources */ = {isa = PBXBuildFile; fileRef = 93C611B02F460C2100F3D07C /* WebService+.swift */; };
/* End PBXBuildFile section */

/* Begin PBXFileReference section */
		93A321A62F44867000C62B4C /* NewsApp.app */ = {isa = PBXFileReference; explicitFileType = wrapper.application; includeInIndex = 0; path = NewsApp.app; sourceTree = BUILT_PRODUCTS_DIR; };
		93A321C32F44871000C62B4C /* Assets.xcassets */ = {isa = PBXFileReference; lastKnownFileType = folder.assetcatalog; path = Assets.xcassets; sourceTree = "<group>"; };
		93A321C42F44871000C62B4C /* NewsSourceListView.swift */ = {isa = PBXFileReference; lastKnownFileType = sourcecode.swift; path = NewsSourceListView.swift; sourceTree = "<group>"; };
		93A321C52F44871000C62B4C /* NewsAppApp.swift */ = {isa = PBXFileReference; lastKnownFileType = sourcecode.swift; path = NewsAppApp.swift; sourceTree = "<group>"; };
		93A321CE2F44889500C62B4C /* NewsSource.swift */ = {isa = PBXFileReference; lastKnownFileType = sourcecode.swift; path = NewsSource.swift; sourceTree = "<group>"; };
		93A321D42F448D0E00C62B4C /* WebService.swift */ = {isa = PBXFileReference; lastKnownFileType = sourcecode.swift; path = WebService.swift; sourceTree = "<group>"; };
		93A321D62F44A3F700C62B4C /* NewsSourceListViewModel.swift */ = {isa = PBXFileReference; lastKnownFileType = sourcecode.swift; path = NewsSourceListViewModel.swift; sourceTree = "<group>"; };
		93A321D82F44A76000C62B4C /* Constants.swift */ = {isa = PBXFileReference; lastKnownFileType = sourcecode.swift; path = Constants.swift; sourceTree = "<group>"; };
		93A321DA2F44B02900C62B4C /* NewsListView.swift */ = {isa = PBXFileReference; lastKnownFileType = sourcecode.swift; path = NewsListView.swift; sourceTree = "<group>"; };
		93A321DC2F44B79C00C62B4C /* NewsArticle.swift */ = {isa = PBXFileReference; lastKnownFileType = sourcecode.swift; path = NewsArticle.swift; sourceTree = "<group>"; };
		93A321DE2F44B9F200C62B4C /* NewsArticleListViewModel.swift */ = {isa = PBXFileReference; lastKnownFileType = sourcecode.swift; path = NewsArticleListViewModel.swift; sourceTree = "<group>"; };
		93C611B02F460C2100F3D07C /* WebService+.swift */ = {isa = PBXFileReference; lastKnownFileType = sourcecode.swift; path = "WebService+.swift"; sourceTree = "<group>"; };
/* End PBXFileReference section */

/* Begin PBXFrameworksBuildPhase section */
		93A321A32F44867000C62B4C /* Frameworks */ = {
			isa = PBXFrameworksBuildPhase;
			buildActionMask = 2147483647;
			files = (
			);
			runOnlyForDeploymentPostprocessing = 0;
		};
/* End PBXFrameworksBuildPhase section */

/* Begin PBXGroup section */
		93A3219D2F44867000C62B4C = {
			isa = PBXGroup;
			children = (
				93A321C62F44871000C62B4C /* NewsApp */,
				93A321A72F44867000C62B4C /* Products */,
			);
			sourceTree = "<group>";
		};
		93A321A72F44867000C62B4C /* Products */ = {
			isa = PBXGroup;
			children = (
				93A321A62F44867000C62B4C /* NewsApp.app */,
			);
			name = Products;
			sourceTree = "<group>";
		};
		93A321C62F44871000C62B4C /* NewsApp */ = {
			isa = PBXGroup;
			children = (
				93A321CB2F44873600C62B4C /* Models */,
				93A321CD2F44883000C62B4C /* Views */,
				93A321CC2F44874000C62B4C /* ViewModels */,
				93A321D12F448C3300C62B4C /* Services */,
				93A321D32F448C5100C62B4C /* Utils */,
				93C611AF2F460C0C00F3D07C /* Extensions */,
				93A321C32F44871000C62B4C /* Assets.xcassets */,
				93A321C52F44871000C62B4C /* NewsAppApp.swift */,
			);
			path = NewsApp;
			sourceTree = "<group>";
		};
		93A321CB2F44873600C62B4C /* Models */ = {
			isa = PBXGroup;
			children = (
				93A321CE2F44889500C62B4C /* NewsSource.swift */,
				93A321DC2F44B79C00C62B4C /* NewsArticle.swift */,
			);
			path = Models;
			sourceTree = "<group>";
		};
		93A321CC2F44874000C62B4C /* ViewModels */ = {
			isa = PBXGroup;
			children = (
				93A321D62F44A3F700C62B4C /* NewsSourceListViewModel.swift */,
				93A321DE2F44B9F200C62B4C /* NewsArticleListViewModel.swift */,
			);
			path = ViewModels;
			sourceTree = "<group>";
		};
		93A321CD2F44883000C62B4C /* Views */ = {
			isa = PBXGroup;
			children = (
				93A321C42F44871000C62B4C /* NewsSourceListView.swift */,
				93A321DA2F44B02900C62B4C /* NewsListView.swift */,
			);
			path = Views;
			sourceTree = "<group>";
		};
		93A321D12F448C3300C62B4C /* Services */ = {
			isa = PBXGroup;
			children = (
				93A321D42F448D0E00C62B4C /* WebService.swift */,
			);
			path = Services;
			sourceTree = "<group>";
		};
		93A321D32F448C5100C62B4C /* Utils */ = {
			isa = PBXGroup;
			children = (
				93A321D82F44A76000C62B4C /* Constants.swift */,
			);
			path = Utils;
			sourceTree = "<group>";
		};
		93C611AF2F460C0C00F3D07C /* Extensions */ = {
			isa = PBXGroup;
			children = (
				93C611B02F460C2100F3D07C /* WebService+.swift */,
			);
			path = Extensions;
			sourceTree = "<group>";
		};
/* End PBXGroup section */

/* Begin PBXNativeTarget section */
		93A321A52F44867000C62B4C /* NewsApp */ = {
			isa = PBXNativeTarget;
			buildConfigurationList = 93A321B12F44867100C62B4C /* Build configuration list for PBXNativeTarget "NewsApp" */;
			buildPhases = (
				93A321A22F44867000C62B4C /* Sources */,
				93A321A32F44867000C62B4C /* Frameworks */,
				93A321A42F44867000C62B4C /* Resources */,
			);
			buildRules = (
			);
			dependencies = (
			);
			name = NewsApp;
			packageProductDependencies = (
			);
			productName = NewsApp;
			productReference = 93A321A62F44867000C62B4C /* NewsApp.app */;
			productType = "com.apple.product-type.application";
		};
/* End PBXNativeTarget section */

/* Begin PBXProject section */
		93A3219E2F44867000C62B4C /* Project object */ = {
			isa = PBXProject;
			attributes = {
				BuildIndependentTargetsInParallel = 1;
				LastSwiftUpdateCheck = 2620;
				LastUpgradeCheck = 2620;
				TargetAttributes = {
					93A321A52F44867000C62B4C = {
						CreatedOnToolsVersion = 26.2;
					};
				};
			};
			buildConfigurationList = 93A321A12F44867000C62B4C /* Build configuration list for PBXProject "NewsApp" */;
			developmentRegion = en;
			hasScannedForEncodings = 0;
			knownRegions = (
				en,
				Base,
			);
			mainGroup = 93A3219D2F44867000C62B4C;
			minimizedProjectReferenceProxies = 1;
			preferredProjectObjectVersion = 77;
			productRefGroup = 93A321A72F44867000C62B4C /* Products */;
			projectDirPath = "";
			projectRoot = "";
			targets = (
				93A321A52F44867000C62B4C /* NewsApp */,
			);
		};
/* End PBXProject section */

/* Begin PBXResourcesBuildPhase section */
		93A321A42F44867000C62B4C /* Resources */ = {
			isa = PBXResourcesBuildPhase;
			buildActionMask = 2147483647;
			files = (
				93A321C72F44871000C62B4C /* Assets.xcassets in Resources */,
			);
			runOnlyForDeploymentPostprocessing = 0;
		};
/* End PBXResourcesBuildPhase section */

/* Begin PBXSourcesBuildPhase section */
		93A321A22F44867000C62B4C /* Sources */ = {
			isa = PBXSourcesBuildPhase;
			buildActionMask = 2147483647;
			files = (
				93A321C82F44871000C62B4C /* NewsSourceListView.swift in Sources */,
				93A321C92F44871000C62B4C /* NewsAppApp.swift in Sources */,
				93A321D72F44A3F700C62B4C /* NewsSourceListViewModel.swift in Sources */,
				93A321DB2F44B02900C62B4C /* NewsListView.swift in Sources */,
				93A321D52F448D0E00C62B4C /* WebService.swift in Sources */,
				93A321DD2F44B79C00C62B4C /* NewsArticle.swift in Sources */,
				93A321CF2F44889500C62B4C /* NewsSource.swift in Sources */,
				93A321DF2F44B9F200C62B4C /* NewsArticleListViewModel.swift in Sources */,
				93C611B12F460C2100F3D07C /* WebService+.swift in Sources */,
				93A321D92F44A76000C62B4C /* Constants.swift in Sources */,
			);
			runOnlyForDeploymentPostprocessing = 0;
		};
/* End PBXSourcesBuildPhase section */

/* Begin XCBuildConfiguration section */
		93A321AF2F44867100C62B4C /* Debug */ = {
			isa = XCBuildConfiguration;
			buildSettings = {
				ALWAYS_SEARCH_USER_PATHS = NO;
				ASSETCATALOG_COMPILER_GENERATE_SWIFT_ASSET_SYMBOL_EXTENSIONS = YES;
				CLANG_ANALYZER_NONNULL = YES;
				CLANG_ANALYZER_NUMBER_OBJECT_CONVERSION = YES_AGGRESSIVE;
				CLANG_CXX_LANGUAGE_STANDARD = "gnu++20";
				CLANG_ENABLE_MODULES = YES;
				CLANG_ENABLE_OBJC_ARC = YES;
				CLANG_ENABLE_OBJC_WEAK = YES;
				CLANG_WARN_BLOCK_CAPTURE_AUTORELEASING = YES;
				CLANG_WARN_BOOL_CONVERSION = YES;
				CLANG_WARN_COMMA = YES;
				CLANG_WARN_CONSTANT_CONVERSION = YES;
				CLANG_WARN_DEPRECATED_OBJC_IMPLEMENTATIONS = YES;
				CLANG_WARN_DIRECT_OBJC_ISA_USAGE = YES_ERROR;
				CLANG_WARN_DOCUMENTATION_COMMENTS = YES;
				CLANG_WARN_EMPTY_BODY = YES;
				CLANG_WARN_ENUM_CONVERSION = YES;
				CLANG_WARN_INFINITE_RECURSION = YES;
				CLANG_WARN_INT_CONVERSION = YES;
				CLANG_WARN_NON_LITERAL_NULL_CONVERSION = YES;
				CLANG_WARN_OBJC_IMPLICIT_RETAIN_SELF = YES;
				CLANG_WARN_OBJC_LITERAL_CONVERSION = YES;
				CLANG_WARN_OBJC_ROOT_CLASS = YES_ERROR;
				CLANG_WARN_QUOTED_INCLUDE_IN_FRAMEWORK_HEADER = YES;
				CLANG_WARN_RANGE_LOOP_ANALYSIS = YES;
				CLANG_WARN_STRICT_PROTOTYPES = YES;
				CLANG_WARN_SUSPICIOUS_MOVE = YES;
				CLANG_WARN_UNGUARDED_AVAILABILITY = YES_AGGRESSIVE;
				CLANG_WARN_UNREACHABLE_CODE = YES;
				CLANG_WARN__DUPLICATE_METHOD_MATCH = YES;
				COPY_PHASE_STRIP = NO;
				DEBUG_INFORMATION_FORMAT = dwarf;
				DEVELOPMENT_TEAM = 4DUTTQLR73;
				ENABLE_STRICT_OBJC_MSGSEND = YES;
				ENABLE_TESTABILITY = YES;
				ENABLE_USER_SCRIPT_SANDBOXING = YES;
				GCC_C_LANGUAGE_STANDARD = gnu17;
				GCC_DYNAMIC_NO_PIC = NO;
				GCC_NO_COMMON_BLOCKS = YES;
				GCC_OPTIMIZATION_LEVEL = 0;
				GCC_PREPROCESSOR_DEFINITIONS = (
					"DEBUG=1",
					"$(inherited)",
				);
				GCC_WARN_64_TO_32_BIT_CONVERSION = YES;
				GCC_WARN_ABOUT_RETURN_TYPE = YES_ERROR;
				GCC_WARN_UNDECLARED_SELECTOR = YES;
				GCC_WARN_UNINITIALIZED_AUTOS = YES_AGGRESSIVE;
				GCC_WARN_UNUSED_FUNCTION = YES;
				GCC_WARN_UNUSED_VARIABLE = YES;
				IPHONEOS_DEPLOYMENT_TARGET = 26.2;
				LOCALIZATION_PREFERS_STRING_CATALOGS = YES;
				MTL_ENABLE_DEBUG_INFO = INCLUDE_SOURCE;
				MTL_FAST_MATH = YES;
				ONLY_ACTIVE_ARCH = YES;
				SDKROOT = iphoneos;
				SWIFT_ACTIVE_COMPILATION_CONDITIONS = "DEBUG $(inherited)";
				SWIFT_OPTIMIZATION_LEVEL = "-Onone";
			};
			name = Debug;
		};
		93A321B02F44867100C62B4C /* Release */ = {
			isa = XCBuildConfiguration;
			buildSettings = {
				ALWAYS_SEARCH_USER_PATHS = NO;
				ASSETCATALOG_COMPILER_GENERATE_SWIFT_ASSET_SYMBOL_EXTENSIONS = YES;
				CLANG_ANALYZER_NONNULL = YES;
				CLANG_ANALYZER_NUMBER_OBJECT_CONVERSION = YES_AGGRESSIVE;
				CLANG_CXX_LANGUAGE_STANDARD = "gnu++20";
				CLANG_ENABLE_MODULES = YES;
				CLANG_ENABLE_OBJC_ARC = YES;
				CLANG_ENABLE_OBJC_WEAK = YES;
				CLANG_WARN_BLOCK_CAPTURE_AUTORELEASING = YES;
				CLANG_WARN_BOOL_CONVERSION = YES;
				CLANG_WARN_COMMA = YES;
				CLANG_WARN_CONSTANT_CONVERSION = YES;
				CLANG_WARN_DEPRECATED_OBJC_IMPLEMENTATIONS = YES;
				CLANG_WARN_DIRECT_OBJC_ISA_USAGE = YES_ERROR;
				CLANG_WARN_DOCUMENTATION_COMMENTS = YES;
				CLANG_WARN_EMPTY_BODY = YES;
				CLANG_WARN_ENUM_CONVERSION = YES;
				CLANG_WARN_INFINITE_RECURSION = YES;
				CLANG_WARN_INT_CONVERSION = YES;
				CLANG_WARN_NON_LITERAL_NULL_CONVERSION = YES;
				CLANG_WARN_OBJC_IMPLICIT_RETAIN_SELF = YES;
				CLANG_WARN_OBJC_LITERAL_CONVERSION = YES;
				CLANG_WARN_OBJC_ROOT_CLASS = YES_ERROR;
				CLANG_WARN_QUOTED_INCLUDE_IN_FRAMEWORK_HEADER = YES;
				CLANG_WARN_RANGE_LOOP_ANALYSIS = YES;
				CLANG_WARN_STRICT_PROTOTYPES = YES;
				CLANG_WARN_SUSPICIOUS_MOVE = YES;
				CLANG_WARN_UNGUARDED_AVAILABILITY = YES_AGGRESSIVE;
				CLANG_WARN_UNREACHABLE_CODE = YES;
				CLANG_WARN__DUPLICATE_METHOD_MATCH = YES;
				COPY_PHASE_STRIP = NO;
				DEBUG_INFORMATION_FORMAT = "dwarf-with-dsym";
				DEVELOPMENT_TEAM = 4DUTTQLR73;
				ENABLE_NS_ASSERTIONS = NO;
				ENABLE_STRICT_OBJC_MSGSEND = YES;
				ENABLE_USER_SCRIPT_SANDBOXING = YES;
				GCC_C_LANGUAGE_STANDARD = gnu17;
				GCC_NO_COMMON_BLOCKS = YES;
				GCC_WARN_64_TO_32_BIT_CONVERSION = YES;
				GCC_WARN_ABOUT_RETURN_TYPE = YES_ERROR;
				GCC_WARN_UNDECLARED_SELECTOR = YES;
				GCC_WARN_UNINITIALIZED_AUTOS = YES_AGGRESSIVE;
				GCC_WARN_UNUSED_FUNCTION = YES;
				GCC_WARN_UNUSED_VARIABLE = YES;
				IPHONEOS_DEPLOYMENT_TARGET = 26.2;
				LOCALIZATION_PREFERS_STRING_CATALOGS = YES;
				MTL_ENABLE_DEBUG_INFO = NO;
				MTL_FAST_MATH = YES;
				SDKROOT = iphoneos;
				SWIFT_COMPILATION_MODE = wholemodule;
				VALIDATE_PRODUCT = YES;
			};
			name = Release;
		};
		93A321B22F44867100C62B4C /* Debug */ = {
			isa = XCBuildConfiguration;
			buildSettings = {
				ASSETCATALOG_COMPILER_APPICON_NAME = AppIcon;
				ASSETCATALOG_COMPILER_GLOBAL_ACCENT_COLOR_NAME = AccentColor;
				CODE_SIGN_STYLE = Automatic;
				CURRENT_PROJECT_VERSION = 1;
				DEVELOPMENT_TEAM = 4DUTTQLR73;
				ENABLE_PREVIEWS = YES;
				GENERATE_INFOPLIST_FILE = YES;
				INFOPLIST_KEY_UIApplicationSceneManifest_Generation = YES;
				INFOPLIST_KEY_UIApplicationSupportsIndirectInputEvents = YES;
				INFOPLIST_KEY_UILaunchScreen_Generation = YES;
				INFOPLIST_KEY_UISupportedInterfaceOrientations_iPad = "UIInterfaceOrientationPortrait UIInterfaceOrientationPortraitUpsideDown UIInterfaceOrientationLandscapeLeft UIInterfaceOrientationLandscapeRight";
				INFOPLIST_KEY_UISupportedInterfaceOrientations_iPhone = "UIInterfaceOrientationPortrait UIInterfaceOrientationLandscapeLeft UIInterfaceOrientationLandscapeRight";
				LD_RUNPATH_SEARCH_PATHS = (
					"$(inherited)",
					"@executable_path/Frameworks",
				);
				MARKETING_VERSION = 1.0;
				PRODUCT_BUNDLE_IDENTIFIER = com.jp.NewsApp;
				PRODUCT_NAME = "$(TARGET_NAME)";
				STRING_CATALOG_GENERATE_SYMBOLS = YES;
				SWIFT_APPROACHABLE_CONCURRENCY = YES;
				SWIFT_DEFAULT_ACTOR_ISOLATION = MainActor;
				SWIFT_EMIT_LOC_STRINGS = YES;
				SWIFT_UPCOMING_FEATURE_MEMBER_IMPORT_VISIBILITY = YES;
				SWIFT_VERSION = 5.0;
				TARGETED_DEVICE_FAMILY = "1,2";
			};
			name = Debug;
		};
		93A321B32F44867100C62B4C /* Release */ = {
			isa = XCBuildConfiguration;
			buildSettings = {
				ASSETCATALOG_COMPILER_APPICON_NAME = AppIcon;
				ASSETCATALOG_COMPILER_GLOBAL_ACCENT_COLOR_NAME = AccentColor;
				CODE_SIGN_STYLE = Automatic;
				CURRENT_PROJECT_VERSION = 1;
				DEVELOPMENT_TEAM = 4DUTTQLR73;
				ENABLE_PREVIEWS = YES;
				GENERATE_INFOPLIST_FILE = YES;
				INFOPLIST_KEY_UIApplicationSceneManifest_Generation = YES;
				INFOPLIST_KEY_UIApplicationSupportsIndirectInputEvents = YES;
				INFOPLIST_KEY_UILaunchScreen_Generation = YES;
				INFOPLIST_KEY_UISupportedInterfaceOrientations_iPad = "UIInterfaceOrientationPortrait UIInterfaceOrientationPortraitUpsideDown UIInterfaceOrientationLandscapeLeft UIInterfaceOrientationLandscapeRight";
				INFOPLIST_KEY_UISupportedInterfaceOrientations_iPhone = "UIInterfaceOrientationPortrait UIInterfaceOrientationLandscapeLeft UIInterfaceOrientationLandscapeRight";
				LD_RUNPATH_SEARCH_PATHS = (
					"$(inherited)",
					"@executable_path/Frameworks",
				);
				MARKETING_VERSION = 1.0;
				PRODUCT_BUNDLE_IDENTIFIER = com.jp.NewsApp;
				PRODUCT_NAME = "$(TARGET_NAME)";
				STRING_CATALOG_GENERATE_SYMBOLS = YES;
				SWIFT_APPROACHABLE_CONCURRENCY = YES;
				SWIFT_DEFAULT_ACTOR_ISOLATION = MainActor;
				SWIFT_EMIT_LOC_STRINGS = YES;
				SWIFT_UPCOMING_FEATURE_MEMBER_IMPORT_VISIBILITY = YES;
				SWIFT_VERSION = 5.0;
				TARGETED_DEVICE_FAMILY = "1,2";
			};
			name = Release;
		};
/* End XCBuildConfiguration section */

/* Begin XCConfigurationList section */
		93A321A12F44867000C62B4C /* Build configuration list for PBXProject "NewsApp" */ = {
			isa = XCConfigurationList;
			buildConfigurations = (
				93A321AF2F44867100C62B4C /* Debug */,
				93A321B02F44867100C62B4C /* Release */,
			);
			defaultConfigurationIsVisible = 0;
			defaultConfigurationName = Release;
		};
		93A321B12F44867100C62B4C /* Build configuration list for PBXNativeTarget "NewsApp" */ = {
			isa = XCConfigurationList;
			buildConfigurations = (
				93A321B22F44867100C62B4C /* Debug */,
				93A321B32F44867100C62B4C /* Release */,
			);
			defaultConfigurationIsVisible = 0;
			defaultConfigurationName = Release;
		};
/* End XCConfigurationList section */
	};
	rootObject = 93A3219E2F44867000C62B4C /* Project object */;
}
